
Microsoft Visual Studio Solution File, Format Version 12.00
# Visual Studio Version 17
VisualStudioVersion = 17.9.34723.18
MinimumVisualStudioVersion = 10.0.40219.1
Project("{FAE04EC0-301F-11D3-BF4B-00C04F79EFBC}") = "EjercicioDiccionario", "EjercicioDiccionario\EjercicioDiccionario.csproj", "{41E43C2C-8D7B-46E6-802A-3B3B28A480C5}"
EndProject
Global
	GlobalSection(SolutionConfigurationPlatforms) = preSolution
		Debug|Any CPU = Debug|Any CPU
		Release|Any CPU = Release|Any CPU
	EndGlobalSection
	GlobalSection(ProjectConfigurationPlatforms) = postSolution
		{41E43C2C-8D7B-46E6-802A-3B3B28A480C5}.Debug|Any CPU.ActiveCfg = Debug|Any CPU
		{41E43C2C-8D7B-46E6-802A-3B3B28A480C5}.Debug|Any CPU.Build.0 = Debug|Any CPU
		{41E43C2C-8D7B-46E6-802A-3B3B28A480C5}.Release|Any CPU.ActiveCfg = Release|Any CPU
		{41E43C2C-8D7B-46E6-802A-3B3B28A480C5}.Release|Any CPU.Build.0 = Release|Any CPU
	EndGlobalSection
	GlobalSection(SolutionProperties) = preSolution
		HideSolutionNode = FALSE
	EndGlobalSection
	GlobalSection(ExtensibilityGlobals) = postSolution
		SolutionGuid = {C4A04C66-3E45-4249-A51F-5C2FD0EA58B4}
	EndGlobalSection
EndGlobal
